{
  "name": "javascript-client",
  "lockfileVersion": 3,
  "requires": true,
  "packages": {
    "": {
      "dependencies": {
        "btrconsole": "^1.1.9"
      }
    },
    "node_modules/btrconsole": {
      "version": "1.1.9",
      "resolved": "https://registry.npmjs.org/btrconsole/-/btrconsole-1.1.9.tgz",
      "integrity": "sha512-equdjtVkzXriCTG6IHUzGxHewedN+HKrEtYACSbQW8pGcxn5rFIRNqyC+xE++SDit/yXr8cnjw3JuKl9GWBeZQ==",
      "dependencies": {
        "btrconsole": "^1.0.0",
        "readline-sync": "^1.4.10"
      }
    },
    "node_modules/readline-sync": {
      "version": "1.4.10",
      "resolved": "https://registry.npmjs.org/readline-sync/-/readline-sync-1.4.10.tgz",
      "integrity": "sha512-gNva8/6UAe8QYepIQH/jQ2qn91Qj0B9sYjMBBs3QOB8F2CXcKgLxQaJRP76sWVRQt+QU+8fAkCbCvjjMFu7Ycw==",
      "engines": {
        "node": ">= 0.8.0"
      }
    }
  }
}
